// !$*UTF8*$!
{
	archiveVersion = 1;
	classes = {
	};
	objectVersion = 46;
	objects = {

/* Begin PBXBuildFile section */
		944494C01BAF2CC500A7B87E /* AppDelegate.swift in Sources */ = {isa = PBXBuildFile; fileRef = 944494BF1BAF2CC500A7B87E /* AppDelegate.swift */; };
		944494C21BAF2CC500A7B87E /* ViewController.swift in Sources */ = {isa = PBXBuildFile; fileRef = 944494C11BAF2CC500A7B87E /* ViewController.swift */; };
		944494C51BAF2CC500A7B87E /* Main.storyboard in Resources */ = {isa = PBXBuildFile; fileRef = 944494C31BAF2CC500A7B87E /* Main.storyboard */; };
		944494C71BAF2CC500A7B87E /* Assets.xcassets in Resources */ = {isa = PBXBuildFile; fileRef = 944494C61BAF2CC500A7B87E /* Assets.xcassets */; };
		944494CA1BAF2CC500A7B87E /* LaunchScreen.storyboard in Resources */ = {isa = PBXBuildFile; fileRef = 944494C81BAF2CC500A7B87E /* LaunchScreen.storyboard */; };
		944494D51BAF2CC500A7B87E /* CalculatorTests.swift in Sources */ = {isa = PBXBuildFile; fileRef = 944494D41BAF2CC500A7B87E /* CalculatorTests.swift */; };
		944494E01BAF2CC500A7B87E /* CalculatorUITests.swift in Sources */ = {isa = PBXBuildFile; fileRef = 944494DF1BAF2CC500A7B87E /* CalculatorUITests.swift */; };
		944494EF1BAF583200A7B87E /* CalculatorBrain.swift in Sources */ = {isa = PBXBuildFile; fileRef = 944494EE1BAF583200A7B87E /* CalculatorBrain.swift */; };
/* End PBXBuildFile section */

/* Begin PBXContainerItemProxy section */
		944494D11BAF2CC500A7B87E /* PBXContainerItemProxy */ = {
			isa = PBXContainerItemProxy;
			containerPortal = 944494B41BAF2CC500A7B87E /* Project object */;
			proxyType = 1;
			remoteGlobalIDString = 944494BB1BAF2CC500A7B87E;
			remoteInfo = Calculator;
		};
		944494DC1BAF2CC500A7B87E /* PBXContainerItemProxy */ = {
			isa = PBXContainerItemProxy;
			containerPortal = 944494B41BAF2CC500A7B87E /* Project object */;
			proxyType = 1;
			remoteGlobalIDString = 944494BB1BAF2CC500A7B87E;
			remoteInfo = Calculator;
		};
/* End PBXContainerItemProxy section */

/* Begin PBXFileReference section */
		944494BC1BAF2CC500A7B87E /* Calculator.app */ = {isa = PBXFileReference; explicitFileType = wrapper.application; includeInIndex = 0; path = Calculator.app; sourceTree = BUILT_PRODUCTS_DIR; };
		944494BF1BAF2CC500A7B87E /* AppDelegate.swift */ = {isa = PBXFileReference; lastKnownFileType = sourcecode.swift; path = AppDelegate.swift; sourceTree = "<group>"; };
		944494C11BAF2CC500A7B87E /* ViewController.swift */ = {isa = PBXFileReference; lastKnownFileType = sourcecode.swift; path = ViewController.swift; sourceTree = "<group>"; };
		944494C41BAF2CC500A7B87E /* Base */ = {isa = PBXFileReference; lastKnownFileType = file.storyboard; name = Base; path = Base.lproj/Main.storyboard; sourceTree = "<group>"; };
		944494C61BAF2CC500A7B87E /* Assets.xcassets */ = {isa = PBXFileReference; lastKnownFileType = folder.assetcatalog; path = Assets.xcassets; sourceTree = "<group>"; };
		944494C91BAF2CC500A7B87E /* Base */ = {isa = PBXFileReference; lastKnownFileType = file.storyboard; name = Base; path = Base.lproj/LaunchScreen.storyboard; sourceTree = "<group>"; };
		944494CB1BAF2CC500A7B87E /* Info.plist */ = {isa = PBXFileReference; lastKnownFileType = text.plist.xml; path = Info.plist; sourceTree = "<group>"; };
		944494D01BAF2CC500A7B87E /* CalculatorTests.xctest */ = {isa = PBXFileReference; explicitFileType = wrapper.cfbundle; includeInIndex = 0; path = CalculatorTests.xctest; sourceTree = BUILT_PRODUCTS_DIR; };
		944494D41BAF2CC500A7B87E /* CalculatorTests.swift */ = {isa = PBXFileReference; lastKnownFileType = sourcecode.swift; path = CalculatorTests.swift; sourceTree = "<group>"; };
		944494D61BAF2CC500A7B87E /* Info.plist */ = {isa = PBXFileReference; lastKnownFileType = text.plist.xml; path = Info.plist; sourceTree = "<group>"; };
		944494DB1BAF2CC500A7B87E /* CalculatorUITests.xctest */ = {isa = PBXFileReference; explicitFileType = wrapper.cfbundle; includeInIndex = 0; path = CalculatorUITests.xctest; sourceTree = BUILT_PRODUCTS_DIR; };
		944494DF1BAF2CC500A7B87E /* CalculatorUITests.swift */ = {isa = PBXFileReference; lastKnownFileType = sourcecode.swift; path = CalculatorUITests.swift; sourceTree = "<group>"; };
		944494E11BAF2CC500A7B87E /* Info.plist */ = {isa = PBXFileReference; lastKnownFileType = text.plist.xml; path = Info.plist; sourceTree = "<group>"; };
		944494EE1BAF583200A7B87E /* CalculatorBrain.swift */ = {isa = PBXFileReference; fileEncoding = 4; lastKnownFileType = sourcecode.swift; path = CalculatorBrain.swift; sourceTree = "<group>"; };
/* End PBXFileReference section */

/* Begin PBXFrameworksBuildPhase section */
		944494B91BAF2CC500A7B87E /* Frameworks */ = {
			isa = PBXFrameworksBuildPhase;
			buildActionMask = 2147483647;
			files = (
			);
			runOnlyForDeploymentPostprocessing = 0;
		};
		944494CD1BAF2CC500A7B87E /* Frameworks */ = {
			isa = PBXFrameworksBuildPhase;
			buildActionMask = 2147483647;
			files = (
			);
			runOnlyForDeploymentPostprocessing = 0;
		};
		944494D81BAF2CC500A7B87E /* Frameworks */ = {
			isa = PBXFrameworksBuildPhase;
			buildActionMask = 2147483647;
			files = (
			);
			runOnlyForDeploymentPostprocessing = 0;
		};
/* End PBXFrameworksBuildPhase section */

/* Begin PBXGroup section */
		944494B31BAF2CC500A7B87E = {
			isa = PBXGroup;
			children = (
				944494BE1BAF2CC500A7B87E /* Calculator */,
				944494D31BAF2CC500A7B87E /* CalculatorTests */,
				944494DE1BAF2CC500A7B87E /* CalculatorUITests */,
				944494BD1BAF2CC500A7B87E /* Products */,
			);
			sourceTree = "<group>";
		};
		944494BD1BAF2CC500A7B87E /* Products */ = {
			isa = PBXGroup;
			children = (
				944494BC1BAF2CC500A7B87E /* Calculator.app */,
				944494D01BAF2CC500A7B87E /* CalculatorTests.xctest */,
				944494DB1BAF2CC500A7B87E /* CalculatorUITests.xctest */,
			);
			name = Products;
			sourceTree = "<group>";
		};
		944494BE1BAF2CC500A7B87E /* Calculator */ = {
			isa = PBXGroup;
			children = (
				944494C11BAF2CC500A7B87E /* ViewController.swift */,
				944494EE1BAF583200A7B87E /* CalculatorBrain.swift */,
				944494C31BAF2CC500A7B87E /* Main.storyboard */,
				944494ED1BAF2D7600A7B87E /* Supporting Files */,
			);
			path = Calculator;
			sourceTree = "<group>";
		};
		944494D31BAF2CC500A7B87E /* CalculatorTests */ = {
			isa = PBXGroup;
			children = (
				944494D41BAF2CC500A7B87E /* CalculatorTests.swift */,
				944494D61BAF2CC500A7B87E /* Info.plist */,
			);
			path = CalculatorTests;
			sourceTree = "<group>";
		};
		944494DE1BAF2CC500A7B87E /* CalculatorUITests */ = {
			isa = PBXGroup;
			children = (
				944494DF1BAF2CC500A7B87E /* CalculatorUITests.swift */,
				944494E11BAF2CC500A7B87E /* Info.plist */,
			);
			path = CalculatorUITests;
			sourceTree = "<group>";
		};
		944494ED1BAF2D7600A7B87E /* Supporting Files */ = {
			isa = PBXGroup;
			children = (
				944494CB1BAF2CC500A7B87E /* Info.plist */,
				944494C61BAF2CC500A7B87E /* Assets.xcassets */,
				944494C81BAF2CC500A7B87E /* LaunchScreen.storyboard */,
				944494BF1BAF2CC500A7B87E /* AppDelegate.swift */,
			);
			name = "Supporting Files";
			sourceTree = "<group>";
		};
/* End PBXGroup section */

/* Begin PBXNativeTarget section */
		944494BB1BAF2CC500A7B87E /* Calculator */ = {
			isa = PBXNativeTarget;
			buildConfigurationList = 944494E41BAF2CC500A7B87E /* Build configuration list for PBXNativeTarget "Calculator" */;
			buildPhases = (
				944494B81BAF2CC500A7B87E /* Sources */,
				944494B91BAF2CC500A7B87E /* Frameworks */,
				944494BA1BAF2CC500A7B87E /* Resources */,
			);
			buildRules = (
			);
			dependencies = (
			);
			name = Calculator;
			productName = Calculator;
			productReference = 944494BC1BAF2CC500A7B87E /* Calculator.app */;
			productType = "com.apple.product-type.application";
		};
		944494CF1BAF2CC500A7B87E /* CalculatorTests */ = {
			isa = PBXNativeTarget;
			buildConfigurationList = 944494E71BAF2CC500A7B87E /* Build configuration list for PBXNativeTarget "CalculatorTests" */;
			buildPhases = (
				944494CC1BAF2CC500A7B87E /* Sources */,
				944494CD1BAF2CC500A7B87E /* Frameworks */,
				944494CE1BAF2CC500A7B87E /* Resources */,
			);
			buildRules = (
			);
			dependencies = (
				944494D21BAF2CC500A7B87E /* PBXTargetDependency */,
			);
			name = CalculatorTests;
			productName = CalculatorTests;
			productReference = 944494D01BAF2CC500A7B87E /* CalculatorTests.xctest */;
			productType = "com.apple.product-type.bundle.unit-test";
		};
		944494DA1BAF2CC500A7B87E /* CalculatorUITests */ = {
			isa = PBXNativeTarget;
			buildConfigurationList = 944494EA1BAF2CC500A7B87E /* Build configuration list for PBXNativeTarget "CalculatorUITests" */;
			buildPhases = (
				944494D71BAF2CC500A7B87E /* Sources */,
				944494D81BAF2CC500A7B87E /* Frameworks */,
				944494D91BAF2CC500A7B87E /* Resources */,
			);
			buildRules = (
			);
			dependencies = (
				944494DD1BAF2CC500A7B87E /* PBXTargetDependency */,
			);
			name = CalculatorUITests;
			productName = CalculatorUITests;
			productReference = 944494DB1BAF2CC500A7B87E /* CalculatorUITests.xctest */;
			productType = "com.apple.product-type.bundle.ui-testing";
		};
/* End PBXNativeTarget section */

/* Begin PBXProject section */
		944494B41BAF2CC500A7B87E /* Project object */ = {
			isa = PBXProject;
			attributes = {
				LastUpgradeCheck = 0710;
				ORGANIZATIONNAME = "Downeast Data";
				TargetAttributes = {
					944494BB1BAF2CC500A7B87E = {
						CreatedOnToolsVersion = 7.1;
						DevelopmentTeam = 8VF4S3W85G;
					};
					944494CF1BAF2CC500A7B87E = {
						CreatedOnToolsVersion = 7.1;
						TestTargetID = 944494BB1BAF2CC500A7B87E;
					};
					944494DA1BAF2CC500A7B87E = {
						CreatedOnToolsVersion = 7.1;
						TestTargetID = 944494BB1BAF2CC500A7B87E;
					};
				};
			};
			buildConfigurationList = 944494B71BAF2CC500A7B87E /* Build configuration list for PBXProject "Calculator" */;
			compatibilityVersion = "Xcode 3.2";
			developmentRegion = English;
			hasScannedForEncodings = 0;
			knownRegions = (
				en,
				Base,
			);
			mainGroup = 944494B31BAF2CC500A7B87E;
			productRefGroup = 944494BD1BAF2CC500A7B87E /* Products */;
			projectDirPath = "";
			projectRoot = "";
			targets = (
				944494BB1BAF2CC500A7B87E /* Calculator */,
				944494CF1BAF2CC500A7B87E /* CalculatorTests */,
				944494DA1BAF2CC500A7B87E /* CalculatorUITests */,
			);
		};
/* End PBXProject section */

/* Begin PBXResourcesBuildPhase section */
		944494BA1BAF2CC500A7B87E /* Resources */ = {
			isa = PBXResourcesBuildPhase;
			buildActionMask = 2147483647;
			files = (
				944494CA1BAF2CC500A7B87E /* LaunchScreen.storyboard in Resources */,
				944494C71BAF2CC500A7B87E /* Assets.xcassets in Resources */,
				944494C51BAF2CC500A7B87E /* Main.storyboard in Resources */,
			);
			runOnlyForDeploymentPostprocessing = 0;
		};
		944494CE1BAF2CC500A7B87E /* Resources */ = {
			isa = PBXResourcesBuildPhase;
			buildActionMask = 2147483647;
			files = (
			);
			runOnlyForDeploymentPostprocessing = 0;
		};
		944494D91BAF2CC500A7B87E /* Resources */ = {
			isa = PBXResourcesBuildPhase;
			buildActionMask = 2147483647;
			files = (
			);
			runOnlyForDeploymentPostprocessing = 0;
		};
/* End PBXResourcesBuildPhase section */

/* Begin PBXSourcesBuildPhase section */
		944494B81BAF2CC500A7B87E /* Sources */ = {
			isa = PBXSourcesBuildPhase;
			buildActionMask = 2147483647;
			files = (
				944494EF1BAF583200A7B87E /* CalculatorBrain.swift in Sources */,
				944494C21BAF2CC500A7B87E /* ViewController.swift in Sources */,
				944494C01BAF2CC500A7B87E /* AppDelegate.swift in Sources */,
			);
			runOnlyForDeploymentPostprocessing = 0;
		};
		944494CC1BAF2CC500A7B87E /* Sources */ = {
			isa = PBXSourcesBuildPhase;
			buildActionMask = 2147483647;
			files = (
				944494D51BAF2CC500A7B87E /* CalculatorTests.swift in Sources */,
			);
			runOnlyForDeploymentPostprocessing = 0;
		};
		944494D71BAF2CC500A7B87E /* Sources */ = {
			isa = PBXSourcesBuildPhase;
			buildActionMask = 2147483647;
			files = (
				944494E01BAF2CC500A7B87E /* CalculatorUITests.swift in Sources */,
			);
			runOnlyForDeploymentPostprocessing = 0;
		};
/* End PBXSourcesBuildPhase section */

/* Begin PBXTargetDependency section */
		944494D21BAF2CC500A7B87E /* PBXTargetDependency */ = {
			isa = PBXTargetDependency;
			target = 944494BB1BAF2CC500A7B87E /* Calculator */;
			targetProxy = 944494D11BAF2CC500A7B87E /* PBXContainerItemProxy */;
		};
		944494DD1BAF2CC500A7B87E /* PBXTargetDependency */ = {
			isa = PBXTargetDependency;
			target = 944494BB1BAF2CC500A7B87E /* Calculator */;
			targetProxy = 944494DC1BAF2CC500A7B87E /* PBXContainerItemProxy */;
		};
/* End PBXTargetDependency section */

/* Begin PBXVariantGroup section */
		944494C31BAF2CC500A7B87E /* Main.storyboard */ = {
			isa = PBXVariantGroup;
			children = (
				944494C41BAF2CC500A7B87E /* Base */,
			);
			name = Main.storyboard;
			sourceTree = "<group>";
		};
		944494C81BAF2CC500A7B87E /* LaunchScreen.storyboard */ = {
			isa = PBXVariantGroup;
			children = (
				944494C91BAF2CC500A7B87E /* Base */,
			);
			name = LaunchScreen.storyboard;
			sourceTree = "<group>";
		};
/* End PBXVariantGroup section */

/* Begin XCBuildConfiguration section */
		944494E21BAF2CC500A7B87E /* Debug */ = {
			isa = XCBuildConfiguration;
			buildSettings = {
				ALWAYS_SEARCH_USER_PATHS = NO;
				CLANG_CXX_LANGUAGE_STANDARD = "gnu++0x";
				CLANG_CXX_LIBRARY = "libc++";
				CLANG_ENABLE_MODULES = YES;
				CLANG_ENABLE_OBJC_ARC = YES;
				CLANG_WARN_BOOL_CONVERSION = YES;
				CLANG_WARN_CONSTANT_CONVERSION = YES;
				CLANG_WARN_DIRECT_OBJC_ISA_USAGE = YES_ERROR;
				CLANG_WARN_EMPTY_BODY = YES;
				CLANG_WARN_ENUM_CONVERSION = YES;
				CLANG_WARN_INT_CONVERSION = YES;
				CLANG_WARN_OBJC_ROOT_CLASS = YES_ERROR;
				CLANG_WARN_UNREACHABLE_CODE = YES;
				CLANG_WARN__DUPLICATE_METHOD_MATCH = YES;
				"CODE_SIGN_IDENTITY[sdk=iphoneos*]" = "iPhone Developer";
				COPY_PHASE_STRIP = NO;
				DEBUG_INFORMATION_FORMAT = dwarf;
				ENABLE_STRICT_OBJC_MSGSEND = YES;
				ENABLE_TESTABILITY = YES;
				GCC_C_LANGUAGE_STANDARD = gnu99;
				GCC_DYNAMIC_NO_PIC = NO;
				GCC_NO_COMMON_BLOCKS = YES;
				GCC_OPTIMIZATION_LEVEL = 0;
				GCC_PREPROCESSOR_DEFINITIONS = (
					"DEBUG=1",
					"$(inherited)",
				);
				GCC_WARN_64_TO_32_BIT_CONVERSION = YES;
				GCC_WARN_ABOUT_RETURN_TYPE = YES_ERROR;
				GCC_WARN_UNDECLARED_SELECTOR = YES;
				GCC_WARN_UNINITIALIZED_AUTOS = YES_AGGRESSIVE;
				GCC_WARN_UNUSED_FUNCTION = YES;
				GCC_WARN_UNUSED_VARIABLE = YES;
				IPHONEOS_DEPLOYMENT_TARGET = 9.1;
				MTL_ENABLE_DEBUG_INFO = YES;
				ONLY_ACTIVE_ARCH = YES;
				SDKROOT = iphoneos;
				SWIFT_OPTIMIZATION_LEVEL = "-Onone";
				TARGETED_DEVICE_FAMILY = "1,2";
			};
			name = Debug;
		};
		944494E31BAF2CC500A7B87E /* Release */ = {
			isa = XCBuildConfiguration;
			buildSettings = {
				ALWAYS_SEARCH_USER_PATHS = NO;
				CLANG_CXX_LANGUAGE_STANDARD = "gnu++0x";
				CLANG_CXX_LIBRARY = "libc++";
				CLANG_ENABLE_MODULES = YES;
				CLANG_ENABLE_OBJC_ARC = YES;
				CLANG_WARN_BOOL_CONVERSION = YES;
				CLANG_WARN_CONSTANT_CONVERSION = YES;
				CLANG_WARN_DIRECT_OBJC_ISA_USAGE = YES_ERROR;
				CLANG_WARN_EMPTY_BODY = YES;
				CLANG_WARN_ENUM_CONVERSION = YES;
				CLANG_WARN_INT_CONVERSION = YES;
				CLANG_WARN_OBJC_ROOT_CLASS = YES_ERROR;
				CLANG_WARN_UNREACHABLE_CODE = YES;
				CLANG_WARN__DUPLICATE_METHOD_MATCH = YES;
				"CODE_SIGN_IDENTITY[sdk=iphoneos*]" = "iPhone Developer";
				COPY_PHASE_STRIP = NO;
				DEBUG_INFORMATION_FORMAT = "dwarf-with-dsym";
				ENABLE_NS_ASSERTIONS = NO;
				ENABLE_STRICT_OBJC_MSGSEND = YES;
				GCC_C_LANGUAGE_STANDARD = gnu99;
				GCC_NO_COMMON_BLOCKS = YES;
				GCC_WARN_64_TO_32_BIT_CONVERSION = YES;
				GCC_WARN_ABOUT_RETURN_TYPE = YES_ERROR;
				GCC_WARN_UNDECLARED_SELECTOR = YES;
				GCC_WARN_UNINITIALIZED_AUTOS = YES_AGGRESSIVE;
				GCC_WARN_UNUSED_FUNCTION = YES;
				GCC_WARN_UNUSED_VARIABLE = YES;
				IPHONEOS_DEPLOYMENT_TARGET = 9.1;
				MTL_ENABLE_DEBUG_INFO = NO;
				SDKROOT = iphoneos;
				TARGETED_DEVICE_FAMILY = "1,2";
				VALIDATE_PRODUCT = YES;
			};
			name = Release;
		};
		944494E51BAF2CC500A7B87E /* Debug */ = {
			isa = XCBuildConfiguration;
			buildSettings = {
				ASSETCATALOG_COMPILER_APPICON_NAME = AppIcon;
				CODE_SIGN_IDENTITY = "iPhone Developer";
				INFOPLIST_FILE = Calculator/Info.plist;
				IPHONEOS_DEPLOYMENT_TARGET = 9.0;
				LD_RUNPATH_SEARCH_PATHS = "$(inherited) @executable_path/Frameworks";
				PRODUCT_BUNDLE_IDENTIFIER = com.downeastdata.Calculator;
				PRODUCT_NAME = "$(TARGET_NAME)";
			};
			name = Debug;
		};
		944494E61BAF2CC500A7B87E /* Release */ = {
			isa = XCBuildConfiguration;
			buildSettings = {
				ASSETCATALOG_COMPILER_APPICON_NAME = AppIcon;
				CODE_SIGN_IDENTITY = "iPhone Developer";
				INFOPLIST_FILE = Calculator/Info.plist;
				IPHONEOS_DEPLOYMENT_TARGET = 9.0;
				LD_RUNPATH_SEARCH_PATHS = "$(inherited) @executable_path/Frameworks";
				PRODUCT_BUNDLE_IDENTIFIER = com.downeastdata.Calculator;
				PRODUCT_NAME = "$(TARGET_NAME)";
			};
			name = Release;
		};
		944494E81BAF2CC500A7B87E /* Debug */ = {
			isa = XCBuildConfiguration;
			buildSettings = {
				BUNDLE_LOADER = "$(TEST_HOST)";
				INFOPLIST_FILE = CalculatorTests/Info.plist;
				LD_RUNPATH_SEARCH_PATHS = "$(inherited) @executable_path/Frameworks @loader_path/Frameworks";
				PRODUCT_BUNDLE_IDENTIFIER = com.downeastdata.CalculatorTests;
				PRODUCT_NAME = "$(TARGET_NAME)";
				TEST_HOST = "$(BUILT_PRODUCTS_DIR)/Calculator.app/Calculator";
			};
			name = Debug;
		};
		944494E91BAF2CC500A7B87E /* Release */ = {
			isa = XCBuildConfiguration;
			buildSettings = {
				BUNDLE_LOADER = "$(TEST_HOST)";
				INFOPLIST_FILE = CalculatorTests/Info.plist;
				LD_RUNPATH_SEARCH_PATHS = "$(inherited) @executable_path/Frameworks @loader_path/Frameworks";
				PRODUCT_BUNDLE_IDENTIFIER = com.downeastdata.CalculatorTests;
				PRODUCT_NAME = "$(TARGET_NAME)";
				TEST_HOST = "$(BUILT_PRODUCTS_DIR)/Calculator.app/Calculator";
			};
			name = Release;
		};
		944494EB1BAF2CC500A7B87E /* Debug */ = {
			isa = XCBuildConfiguration;
			buildSettings = {
				INFOPLIST_FILE = CalculatorUITests/Info.plist;
				LD_RUNPATH_SEARCH_PATHS = "$(inherited) @executable_path/Frameworks @loader_path/Frameworks";
				PRODUCT_BUNDLE_IDENTIFIER = com.downeastdata.CalculatorUITests;
				PRODUCT_NAME = "$(TARGET_NAME)";
				TEST_TARGET_NAME = Calculator;
				USES_XCTRUNNER = YES;
			};
			name = Debug;
		};
		944494EC1BAF2CC500A7B87E /* Release */ = {
			isa = XCBuildConfiguration;
			buildSettings = {
				INFOPLIST_FILE = CalculatorUITests/Info.plist;
				LD_RUNPATH_SEARCH_PATHS = "$(inherited) @executable_path/Frameworks @loader_path/Frameworks";
				PRODUCT_BUNDLE_IDENTIFIER = com.downeastdata.CalculatorUITests;
				PRODUCT_NAME = "$(TARGET_NAME)";
				TEST_TARGET_NAME = Calculator;
				USES_XCTRUNNER = YES;
			};
			name = Release;
		};
/* End XCBuildConfiguration section */

/* Begin XCConfigurationList section */
		944494B71BAF2CC500A7B87E /* Build configuration list for PBXProject "Calculator" */ = {
			isa = XCConfigurationList;
			buildConfigurations = (
				944494E21BAF2CC500A7B87E /* Debug */,
				944494E31BAF2CC500A7B87E /* Release */,
			);
			defaultConfigurationIsVisible = 0;
			defaultConfigurationName = Release;
		};
		944494E41BAF2CC500A7B87E /* Build configuration list for PBXNativeTarget "Calculator" */ = {
			isa = XCConfigurationList;
			buildConfigurations = (
				944494E51BAF2CC500A7B87E /* Debug */,
				944494E61BAF2CC500A7B87E /* Release */,
			);
			defaultConfigurationIsVisible = 0;
		};
		944494E71BAF2CC500A7B87E /* Build configuration list for PBXNativeTarget "CalculatorTests" */ = {
			isa = XCConfigurationList;
			buildConfigurations = (
				944494E81BAF2CC500A7B87E /* Debug */,
				944494E91BAF2CC500A7B87E /* Release */,
			);
			defaultConfigurationIsVisible = 0;
		};
		944494EA1BAF2CC500A7B87E /* Build configuration list for PBXNativeTarget "CalculatorUITests" */ = {
			isa = XCConfigurationList;
			buildConfigurations = (
				944494EB1BAF2CC500A7B87E /* Debug */,
				944494EC1BAF2CC500A7B87E /* Release */,
			);
			defaultConfigurationIsVisible = 0;
		};
/* End XCConfigurationList section */
	};
	rootObject = 944494B41BAF2CC500A7B87E /* Project object */;
}
